// !$*UTF8*$!
{
	archiveVersion = 1;
	classes = {
	};
	objectVersion = 56;
	objects = {

/* Begin PBXBuildFile section */
		A107AFB82B1DC7FF00E4012E /* Tweet.swift in Sources */ = {isa = PBXBuildFile; fileRef = A107AFB72B1DC7FF00E4012E /* Tweet.swift */; };
		A107AFBA2B1DC90900E4012E /* TweetViewModel.swift in Sources */ = {isa = PBXBuildFile; fileRef = A107AFB92B1DC90900E4012E /* TweetViewModel.swift */; };
		A107AFBC2B25BA7800E4012E /* SearchViewModel.swift in Sources */ = {isa = PBXBuildFile; fileRef = A107AFBB2B25BA7800E4012E /* SearchViewModel.swift */; };
		A14D1E4C2B2BA79200B82F11 /* FollowViewController.swift in Sources */ = {isa = PBXBuildFile; fileRef = A14D1E4B2B2BA79200B82F11 /* FollowViewController.swift */; };
		A14D1E4E2B2EE7BF00B82F11 /* FollowViewModel.swift in Sources */ = {isa = PBXBuildFile; fileRef = A14D1E4D2B2EE7BF00B82F11 /* FollowViewModel.swift */; };
		A1B591F52AFF844A00FC8330 /* AppDelegate.swift in Sources */ = {isa = PBXBuildFile; fileRef = A1B591F42AFF844A00FC8330 /* AppDelegate.swift */; };
		A1B591F72AFF844A00FC8330 /* SceneDelegate.swift in Sources */ = {isa = PBXBuildFile; fileRef = A1B591F62AFF844A00FC8330 /* SceneDelegate.swift */; };
		A1B591FE2AFF844E00FC8330 /* Assets.xcassets in Resources */ = {isa = PBXBuildFile; fileRef = A1B591FD2AFF844E00FC8330 /* Assets.xcassets */; };
		A1B592012AFF844F00FC8330 /* LaunchScreen.storyboard in Resources */ = {isa = PBXBuildFile; fileRef = A1B591FF2AFF844F00FC8330 /* LaunchScreen.storyboard */; };
		A1B592092AFF864400FC8330 /* MainTabbarViewController.swift in Sources */ = {isa = PBXBuildFile; fileRef = A1B592082AFF864400FC8330 /* MainTabbarViewController.swift */; };
		A1B5920D2AFF884500FC8330 /* HomeViewController.swift in Sources */ = {isa = PBXBuildFile; fileRef = A1B5920C2AFF884500FC8330 /* HomeViewController.swift */; };
		A1B5920F2AFF884F00FC8330 /* SearchViewController.swift in Sources */ = {isa = PBXBuildFile; fileRef = A1B5920E2AFF884F00FC8330 /* SearchViewController.swift */; };
		A1B592112AFF885800FC8330 /* NotificationViewController.swift in Sources */ = {isa = PBXBuildFile; fileRef = A1B592102AFF885800FC8330 /* NotificationViewController.swift */; };
		A1B592132AFF888300FC8330 /* MessagesViewController.swift in Sources */ = {isa = PBXBuildFile; fileRef = A1B592122AFF888300FC8330 /* MessagesViewController.swift */; };
		A1B592162AFFA16300FC8330 /* TweetTableViewCell.swift in Sources */ = {isa = PBXBuildFile; fileRef = A1B592152AFFA16300FC8330 /* TweetTableViewCell.swift */; };
		A1B5921A2B00CACE00FC8330 /* ProfileViewController.swift in Sources */ = {isa = PBXBuildFile; fileRef = A1B592192B00CACE00FC8330 /* ProfileViewController.swift */; };
		A1B5921C2B00CE0E00FC8330 /* SettingViewController.swift in Sources */ = {isa = PBXBuildFile; fileRef = A1B5921B2B00CE0E00FC8330 /* SettingViewController.swift */; };
		A1B5921E2B00DACE00FC8330 /* ProfileTableViewHeader.swift in Sources */ = {isa = PBXBuildFile; fileRef = A1B5921D2B00DACD00FC8330 /* ProfileTableViewHeader.swift */; };
		A1B592202B026ACC00FC8330 /* GoogleService-Info.plist in Resources */ = {isa = PBXBuildFile; fileRef = A1B5921F2B026ACC00FC8330 /* GoogleService-Info.plist */; };
		A1B592232B026BE200FC8330 /* FirebaseAuth in Frameworks */ = {isa = PBXBuildFile; productRef = A1B592222B026BE200FC8330 /* FirebaseAuth */; };
		A1B592252B026BE200FC8330 /* FirebaseAuthCombine-Community in Frameworks */ = {isa = PBXBuildFile; productRef = A1B592242B026BE200FC8330 /* FirebaseAuthCombine-Community */; };
		A1B592272B026BE200FC8330 /* FirebaseDatabase in Frameworks */ = {isa = PBXBuildFile; productRef = A1B592262B026BE200FC8330 /* FirebaseDatabase */; };
		A1B592292B026BE200FC8330 /* FirebaseDatabaseSwift in Frameworks */ = {isa = PBXBuildFile; productRef = A1B592282B026BE200FC8330 /* FirebaseDatabaseSwift */; };
		A1B5922B2B026BE200FC8330 /* FirebaseFirestore in Frameworks */ = {isa = PBXBuildFile; productRef = A1B5922A2B026BE200FC8330 /* FirebaseFirestore */; };
		A1B5922D2B026BE200FC8330 /* FirebaseFirestoreCombine-Community in Frameworks */ = {isa = PBXBuildFile; productRef = A1B5922C2B026BE200FC8330 /* FirebaseFirestoreCombine-Community */; };
		A1B5922F2B026BE200FC8330 /* FirebaseFirestoreSwift in Frameworks */ = {isa = PBXBuildFile; productRef = A1B5922E2B026BE200FC8330 /* FirebaseFirestoreSwift */; };
		A1B592312B026BE200FC8330 /* FirebaseStorage in Frameworks */ = {isa = PBXBuildFile; productRef = A1B592302B026BE200FC8330 /* FirebaseStorage */; };
		A1B592332B026BE200FC8330 /* FirebaseStorageCombine-Community in Frameworks */ = {isa = PBXBuildFile; productRef = A1B592322B026BE200FC8330 /* FirebaseStorageCombine-Community */; };
		A1B592362B026D1F00FC8330 /* OnboardingViewController.swift in Sources */ = {isa = PBXBuildFile; fileRef = A1B592352B026D1F00FC8330 /* OnboardingViewController.swift */; };
		A1B592382B04AB4C00FC8330 /* RegisterViewController.swift in Sources */ = {isa = PBXBuildFile; fileRef = A1B592372B04AB4C00FC8330 /* RegisterViewController.swift */; };
		A1B5923B2B04B9AD00FC8330 /* AuthenticationViewModel.swift in Sources */ = {isa = PBXBuildFile; fileRef = A1B5923A2B04B9AD00FC8330 /* AuthenticationViewModel.swift */; };
		A1B5923E2B04E2E800FC8330 /* AuthenticationManager.swift in Sources */ = {isa = PBXBuildFile; fileRef = A1B5923D2B04E2E800FC8330 /* AuthenticationManager.swift */; };
		A1B592402B07508F00FC8330 /* LoginViewController.swift in Sources */ = {isa = PBXBuildFile; fileRef = A1B5923F2B07508F00FC8330 /* LoginViewController.swift */; };
		A1B592432B075D9C00FC8330 /* UIAlertController+Extension.swift in Sources */ = {isa = PBXBuildFile; fileRef = A1B592422B075D9C00FC8330 /* UIAlertController+Extension.swift */; };
		A1B592462B08D2F100FC8330 /* TwitterUser.swift in Sources */ = {isa = PBXBuildFile; fileRef = A1B592452B08D2F100FC8330 /* TwitterUser.swift */; };
		A1B592482B08D45E00FC8330 /* DatabaseManager.swift in Sources */ = {isa = PBXBuildFile; fileRef = A1B592472B08D45E00FC8330 /* DatabaseManager.swift */; };
		A1B5924A2B09335400FC8330 /* HomeViewModel.swift in Sources */ = {isa = PBXBuildFile; fileRef = A1B592492B09335400FC8330 /* HomeViewModel.swift */; };
		A1B5924C2B093C9200FC8330 /* EditProfileViewController.swift in Sources */ = {isa = PBXBuildFile; fileRef = A1B5924B2B093C9200FC8330 /* EditProfileViewController.swift */; };
		A1B5924E2B093D6600FC8330 /* EditProfileViewModel.swift in Sources */ = {isa = PBXBuildFile; fileRef = A1B5924D2B093D6600FC8330 /* EditProfileViewModel.swift */; };
		A1B5925E2B0A224700FC8330 /* AuthenticationViewModelTests.swift in Sources */ = {isa = PBXBuildFile; fileRef = A1B5925D2B0A224700FC8330 /* AuthenticationViewModelTests.swift */; };
		A1B592652B0A49E200FC8330 /* FirebaseAuth in Frameworks */ = {isa = PBXBuildFile; productRef = A1B592642B0A49E200FC8330 /* FirebaseAuth */; };
		A1B592672B0B544000FC8330 /* FirebaseFirestore in Frameworks */ = {isa = PBXBuildFile; productRef = A1B592662B0B544000FC8330 /* FirebaseFirestore */; };
		A1B5926B2B13422A00FC8330 /* EditProfileTableViewCell.swift in Sources */ = {isa = PBXBuildFile; fileRef = A1B5926A2B13422A00FC8330 /* EditProfileTableViewCell.swift */; };
		A1B5926D2B1359EA00FC8330 /* EditProfileHeaderView.swift in Sources */ = {isa = PBXBuildFile; fileRef = A1B5926C2B1359EA00FC8330 /* EditProfileHeaderView.swift */; };
		A1B5926F2B14AF9C00FC8330 /* StorageManager.swift in Sources */ = {isa = PBXBuildFile; fileRef = A1B5926E2B14AF9C00FC8330 /* StorageManager.swift */; };
		A1B592712B1683D800FC8330 /* ProfileViewModel.swift in Sources */ = {isa = PBXBuildFile; fileRef = A1B592702B1683D800FC8330 /* ProfileViewModel.swift */; };
		A1B592742B168BBD00FC8330 /* SDWebImage in Frameworks */ = {isa = PBXBuildFile; productRef = A1B592732B168BBD00FC8330 /* SDWebImage */; };
		A1B592762B1734B600FC8330 /* TweetViewController.swift in Sources */ = {isa = PBXBuildFile; fileRef = A1B592752B1734B600FC8330 /* TweetViewController.swift */; };
/* End PBXBuildFile section */

/* Begin PBXContainerItemProxy section */
		A1B592572B0A218C00FC8330 /* PBXContainerItemProxy */ = {
			isa = PBXContainerItemProxy;
			containerPortal = A1B591E92AFF844900FC8330 /* Project object */;
			proxyType = 1;
			remoteGlobalIDString = A1B591F02AFF844A00FC8330;
			remoteInfo = TwitterClone;
		};
/* End PBXContainerItemProxy section */

/* Begin PBXFileReference section */
		A107AFB72B1DC7FF00E4012E /* Tweet.swift */ = {isa = PBXFileReference; lastKnownFileType = sourcecode.swift; path = Tweet.swift; sourceTree = "<group>"; };
		A107AFB92B1DC90900E4012E /* TweetViewModel.swift */ = {isa = PBXFileReference; lastKnownFileType = sourcecode.swift; path = TweetViewModel.swift; sourceTree = "<group>"; };
		A107AFBB2B25BA7800E4012E /* SearchViewModel.swift */ = {isa = PBXFileReference; lastKnownFileType = sourcecode.swift; path = SearchViewModel.swift; sourceTree = "<group>"; };
		A14D1E4B2B2BA79200B82F11 /* FollowViewController.swift */ = {isa = PBXFileReference; lastKnownFileType = sourcecode.swift; path = FollowViewController.swift; sourceTree = "<group>"; };
		A14D1E4D2B2EE7BF00B82F11 /* FollowViewModel.swift */ = {isa = PBXFileReference; lastKnownFileType = sourcecode.swift; path = FollowViewModel.swift; sourceTree = "<group>"; };
		A1B591F12AFF844A00FC8330 /* TwitterClone.app */ = {isa = PBXFileReference; explicitFileType = wrapper.application; includeInIndex = 0; path = TwitterClone.app; sourceTree = BUILT_PRODUCTS_DIR; };
		A1B591F42AFF844A00FC8330 /* AppDelegate.swift */ = {isa = PBXFileReference; lastKnownFileType = sourcecode.swift; path = AppDelegate.swift; sourceTree = "<group>"; };
		A1B591F62AFF844A00FC8330 /* SceneDelegate.swift */ = {isa = PBXFileReference; lastKnownFileType = sourcecode.swift; path = SceneDelegate.swift; sourceTree = "<group>"; };
		A1B591FD2AFF844E00FC8330 /* Assets.xcassets */ = {isa = PBXFileReference; lastKnownFileType = folder.assetcatalog; path = Assets.xcassets; sourceTree = "<group>"; };
		A1B592002AFF844F00FC8330 /* Base */ = {isa = PBXFileReference; lastKnownFileType = file.storyboard; name = Base; path = Base.lproj/LaunchScreen.storyboard; sourceTree = "<group>"; };
		A1B592022AFF844F00FC8330 /* Info.plist */ = {isa = PBXFileReference; lastKnownFileType = text.plist.xml; path = Info.plist; sourceTree = "<group>"; };
		A1B592082AFF864400FC8330 /* MainTabbarViewController.swift */ = {isa = PBXFileReference; lastKnownFileType = sourcecode.swift; path = MainTabbarViewController.swift; sourceTree = "<group>"; };
		A1B5920C2AFF884500FC8330 /* HomeViewController.swift */ = {isa = PBXFileReference; lastKnownFileType = sourcecode.swift; path = HomeViewController.swift; sourceTree = "<group>"; };
		A1B5920E2AFF884F00FC8330 /* SearchViewController.swift */ = {isa = PBXFileReference; lastKnownFileType = sourcecode.swift; path = SearchViewController.swift; sourceTree = "<group>"; };
		A1B592102AFF885800FC8330 /* NotificationViewController.swift */ = {isa = PBXFileReference; lastKnownFileType = sourcecode.swift; path = NotificationViewController.swift; sourceTree = "<group>"; };
		A1B592122AFF888300FC8330 /* MessagesViewController.swift */ = {isa = PBXFileReference; lastKnownFileType = sourcecode.swift; path = MessagesViewController.swift; sourceTree = "<group>"; };
		A1B592152AFFA16300FC8330 /* TweetTableViewCell.swift */ = {isa = PBXFileReference; lastKnownFileType = sourcecode.swift; path = TweetTableViewCell.swift; sourceTree = "<group>"; };
		A1B592192B00CACE00FC8330 /* ProfileViewController.swift */ = {isa = PBXFileReference; lastKnownFileType = sourcecode.swift; path = ProfileViewController.swift; sourceTree = "<group>"; };
		A1B5921B2B00CE0E00FC8330 /* SettingViewController.swift */ = {isa = PBXFileReference; lastKnownFileType = sourcecode.swift; path = SettingViewController.swift; sourceTree = "<group>"; };
		A1B5921D2B00DACD00FC8330 /* ProfileTableViewHeader.swift */ = {isa = PBXFileReference; lastKnownFileType = sourcecode.swift; path = ProfileTableViewHeader.swift; sourceTree = "<group>"; };
		A1B5921F2B026ACC00FC8330 /* GoogleService-Info.plist */ = {isa = PBXFileReference; fileEncoding = 4; lastKnownFileType = text.plist.xml; path = "GoogleService-Info.plist"; sourceTree = "<group>"; };
		A1B592352B026D1F00FC8330 /* OnboardingViewController.swift */ = {isa = PBXFileReference; lastKnownFileType = sourcecode.swift; path = OnboardingViewController.swift; sourceTree = "<group>"; };
		A1B592372B04AB4C00FC8330 /* RegisterViewController.swift */ = {isa = PBXFileReference; lastKnownFileType = sourcecode.swift; path = RegisterViewController.swift; sourceTree = "<group>"; };
		A1B5923A2B04B9AD00FC8330 /* AuthenticationViewModel.swift */ = {isa = PBXFileReference; lastKnownFileType = sourcecode.swift; path = AuthenticationViewModel.swift; sourceTree = "<group>"; };
		A1B5923D2B04E2E800FC8330 /* AuthenticationManager.swift */ = {isa = PBXFileReference; lastKnownFileType = sourcecode.swift; path = AuthenticationManager.swift; sourceTree = "<group>"; };
		A1B5923F2B07508F00FC8330 /* LoginViewController.swift */ = {isa = PBXFileReference; lastKnownFileType = sourcecode.swift; path = LoginViewController.swift; sourceTree = "<group>"; };
		A1B592422B075D9C00FC8330 /* UIAlertController+Extension.swift */ = {isa = PBXFileReference; lastKnownFileType = sourcecode.swift; path = "UIAlertController+Extension.swift"; sourceTree = "<group>"; };
		A1B592452B08D2F100FC8330 /* TwitterUser.swift */ = {isa = PBXFileReference; lastKnownFileType = sourcecode.swift; path = TwitterUser.swift; sourceTree = "<group>"; };
		A1B592472B08D45E00FC8330 /* DatabaseManager.swift */ = {isa = PBXFileReference; lastKnownFileType = sourcecode.swift; path = DatabaseManager.swift; sourceTree = "<group>"; };
		A1B592492B09335400FC8330 /* HomeViewModel.swift */ = {isa = PBXFileReference; lastKnownFileType = sourcecode.swift; path = HomeViewModel.swift; sourceTree = "<group>"; };
		A1B5924B2B093C9200FC8330 /* EditProfileViewController.swift */ = {isa = PBXFileReference; lastKnownFileType = sourcecode.swift; path = EditProfileViewController.swift; sourceTree = "<group>"; };
		A1B5924D2B093D6600FC8330 /* EditProfileViewModel.swift */ = {isa = PBXFileReference; lastKnownFileType = sourcecode.swift; path = EditProfileViewModel.swift; sourceTree = "<group>"; };
		A1B592532B0A218B00FC8330 /* TwitterCloneTests.xctest */ = {isa = PBXFileReference; explicitFileType = wrapper.cfbundle; includeInIndex = 0; path = TwitterCloneTests.xctest; sourceTree = BUILT_PRODUCTS_DIR; };
		A1B5925D2B0A224700FC8330 /* AuthenticationViewModelTests.swift */ = {isa = PBXFileReference; lastKnownFileType = sourcecode.swift; path = AuthenticationViewModelTests.swift; sourceTree = "<group>"; };
		A1B5926A2B13422A00FC8330 /* EditProfileTableViewCell.swift */ = {isa = PBXFileReference; lastKnownFileType = sourcecode.swift; path = EditProfileTableViewCell.swift; sourceTree = "<group>"; };
		A1B5926C2B1359EA00FC8330 /* EditProfileHeaderView.swift */ = {isa = PBXFileReference; lastKnownFileType = sourcecode.swift; path = EditProfileHeaderView.swift; sourceTree = "<group>"; };
		A1B5926E2B14AF9C00FC8330 /* StorageManager.swift */ = {isa = PBXFileReference; lastKnownFileType = sourcecode.swift; path = StorageManager.swift; sourceTree = "<group>"; };
		A1B592702B1683D800FC8330 /* ProfileViewModel.swift */ = {isa = PBXFileReference; lastKnownFileType = sourcecode.swift; path = ProfileViewModel.swift; sourceTree = "<group>"; };
		A1B592752B1734B600FC8330 /* TweetViewController.swift */ = {isa = PBXFileReference; lastKnownFileType = sourcecode.swift; path = TweetViewController.swift; sourceTree = "<group>"; };
/* End PBXFileReference section */

/* Begin PBXFrameworksBuildPhase section */
		A1B591EE2AFF844A00FC8330 /* Frameworks */ = {
			isa = PBXFrameworksBuildPhase;
			buildActionMask = 2147483647;
			files = (
				A1B592292B026BE200FC8330 /* FirebaseDatabaseSwift in Frameworks */,
				A1B592272B026BE200FC8330 /* FirebaseDatabase in Frameworks */,
				A1B592232B026BE200FC8330 /* FirebaseAuth in Frameworks */,
				A1B5922F2B026BE200FC8330 /* FirebaseFirestoreSwift in Frameworks */,
				A1B592742B168BBD00FC8330 /* SDWebImage in Frameworks */,
				A1B5922D2B026BE200FC8330 /* FirebaseFirestoreCombine-Community in Frameworks */,
				A1B592312B026BE200FC8330 /* FirebaseStorage in Frameworks */,
				A1B5922B2B026BE200FC8330 /* FirebaseFirestore in Frameworks */,
				A1B592332B026BE200FC8330 /* FirebaseStorageCombine-Community in Frameworks */,
				A1B592252B026BE200FC8330 /* FirebaseAuthCombine-Community in Frameworks */,
			);
			runOnlyForDeploymentPostprocessing = 0;
		};
		A1B592502B0A218B00FC8330 /* Frameworks */ = {
			isa = PBXFrameworksBuildPhase;
			buildActionMask = 2147483647;
			files = (
				A1B592652B0A49E200FC8330 /* FirebaseAuth in Frameworks */,
				A1B592672B0B544000FC8330 /* FirebaseFirestore in Frameworks */,
			);
			runOnlyForDeploymentPostprocessing = 0;
		};
/* End PBXFrameworksBuildPhase section */

/* Begin PBXGroup section */
		A1B591E82AFF844900FC8330 = {
			isa = PBXGroup;
			children = (
				A1B591F32AFF844A00FC8330 /* TwitterClone */,
				A1B592542B0A218C00FC8330 /* TwitterCloneTests */,
				A1B591F22AFF844A00FC8330 /* Products */,
				A1B592612B0A2E0700FC8330 /* Frameworks */,
			);
			sourceTree = "<group>";
		};
		A1B591F22AFF844A00FC8330 /* Products */ = {
			isa = PBXGroup;
			children = (
				A1B591F12AFF844A00FC8330 /* TwitterClone.app */,
				A1B592532B0A218B00FC8330 /* TwitterCloneTests.xctest */,
			);
			name = Products;
			sourceTree = "<group>";
		};
		A1B591F32AFF844A00FC8330 /* TwitterClone */ = {
			isa = PBXGroup;
			children = (
				A1B592442B08D2B900FC8330 /* Models */,
				A1B592412B075D8700FC8330 /* Extensions */,
				A1B5923C2B04E29400FC8330 /* Networking */,
				A1B592392B04B97F00FC8330 /* ViewModels */,
				A1B592142AFFA13600FC8330 /* SubViews */,
				A1B5920B2AFF870C00FC8330 /* Controllers */,
				A1B591F42AFF844A00FC8330 /* AppDelegate.swift */,
				A1B591F62AFF844A00FC8330 /* SceneDelegate.swift */,
				A1B591FD2AFF844E00FC8330 /* Assets.xcassets */,
				A1B591FF2AFF844F00FC8330 /* LaunchScreen.storyboard */,
				A1B592022AFF844F00FC8330 /* Info.plist */,
				A1B5921F2B026ACC00FC8330 /* GoogleService-Info.plist */,
			);
			path = TwitterClone;
			sourceTree = "<group>";
		};
		A1B5920B2AFF870C00FC8330 /* Controllers */ = {
			isa = PBXGroup;
			children = (
				A1B592342B026CFC00FC8330 /* Onboarding */,
				A1B592182B00CA6300FC8330 /* TabBarCoreVCs */,
				A1B592172B00CA5500FC8330 /* GeneralVCs */,
			);
			path = Controllers;
			sourceTree = "<group>";
		};
		A1B592142AFFA13600FC8330 /* SubViews */ = {
			isa = PBXGroup;
			children = (
				A1B592152AFFA16300FC8330 /* TweetTableViewCell.swift */,
				A1B5921D2B00DACD00FC8330 /* ProfileTableViewHeader.swift */,
				A1B5926A2B13422A00FC8330 /* EditProfileTableViewCell.swift */,
				A1B5926C2B1359EA00FC8330 /* EditProfileHeaderView.swift */,
			);
			path = SubViews;
			sourceTree = "<group>";
		};
		A1B592172B00CA5500FC8330 /* GeneralVCs */ = {
			isa = PBXGroup;
			children = (
				A1B592192B00CACE00FC8330 /* ProfileViewController.swift */,
				A1B5921B2B00CE0E00FC8330 /* SettingViewController.swift */,
				A1B5924B2B093C9200FC8330 /* EditProfileViewController.swift */,
				A1B592752B1734B600FC8330 /* TweetViewController.swift */,
				A14D1E4B2B2BA79200B82F11 /* FollowViewController.swift */,
			);
			path = GeneralVCs;
			sourceTree = "<group>";
		};
		A1B592182B00CA6300FC8330 /* TabBarCoreVCs */ = {
			isa = PBXGroup;
			children = (
				A1B592082AFF864400FC8330 /* MainTabbarViewController.swift */,
				A1B5920C2AFF884500FC8330 /* HomeViewController.swift */,
				A1B5920E2AFF884F00FC8330 /* SearchViewController.swift */,
				A1B592102AFF885800FC8330 /* NotificationViewController.swift */,
				A1B592122AFF888300FC8330 /* MessagesViewController.swift */,
			);
			path = TabBarCoreVCs;
			sourceTree = "<group>";
		};
		A1B592342B026CFC00FC8330 /* Onboarding */ = {
			isa = PBXGroup;
			children = (
				A1B592352B026D1F00FC8330 /* OnboardingViewController.swift */,
				A1B592372B04AB4C00FC8330 /* RegisterViewController.swift */,
				A1B5923F2B07508F00FC8330 /* LoginViewController.swift */,
			);
			path = Onboarding;
			sourceTree = "<group>";
		};
		A1B592392B04B97F00FC8330 /* ViewModels */ = {
			isa = PBXGroup;
			children = (
				A1B5923A2B04B9AD00FC8330 /* AuthenticationViewModel.swift */,
				A1B592492B09335400FC8330 /* HomeViewModel.swift */,
				A1B5924D2B093D6600FC8330 /* EditProfileViewModel.swift */,
				A1B592702B1683D800FC8330 /* ProfileViewModel.swift */,
				A107AFB92B1DC90900E4012E /* TweetViewModel.swift */,
				A107AFBB2B25BA7800E4012E /* SearchViewModel.swift */,
				A14D1E4D2B2EE7BF00B82F11 /* FollowViewModel.swift */,
			);
			path = ViewModels;
			sourceTree = "<group>";
		};
		A1B5923C2B04E29400FC8330 /* Networking */ = {
			isa = PBXGroup;
			children = (
				A1B5923D2B04E2E800FC8330 /* AuthenticationManager.swift */,
				A1B592472B08D45E00FC8330 /* DatabaseManager.swift */,
				A1B5926E2B14AF9C00FC8330 /* StorageManager.swift */,
			);
			path = Networking;
			sourceTree = "<group>";
		};
		A1B592412B075D8700FC8330 /* Extensions */ = {
			isa = PBXGroup;
			children = (
				A1B592422B075D9C00FC8330 /* UIAlertController+Extension.swift */,
			);
			path = Extensions;
			sourceTree = "<group>";
		};
		A1B592442B08D2B900FC8330 /* Models */ = {
			isa = PBXGroup;
			children = (
				A1B592452B08D2F100FC8330 /* TwitterUser.swift */,
				A107AFB72B1DC7FF00E4012E /* Tweet.swift */,
			);
			path = Models;
			sourceTree = "<group>";
		};
		A1B592542B0A218C00FC8330 /* TwitterCloneTests */ = {
			isa = PBXGroup;
			children = (
				A1B5925C2B0A21CF00FC8330 /* ViewModels */,
			);
			path = TwitterCloneTests;
			sourceTree = "<group>";
		};
		A1B5925C2B0A21CF00FC8330 /* ViewModels */ = {
			isa = PBXGroup;
			children = (
				A1B5925D2B0A224700FC8330 /* AuthenticationViewModelTests.swift */,
			);
			path = ViewModels;
			sourceTree = "<group>";
		};
		A1B592612B0A2E0700FC8330 /* Frameworks */ = {
			isa = PBXGroup;
			children = (
			);
			name = Frameworks;
			sourceTree = "<group>";
		};
/* End PBXGroup section */

/* Begin PBXNativeTarget section */
		A1B591F02AFF844A00FC8330 /* TwitterClone */ = {
			isa = PBXNativeTarget;
			buildConfigurationList = A1B592052AFF844F00FC8330 /* Build configuration list for PBXNativeTarget "TwitterClone" */;
			buildPhases = (
				A1B591ED2AFF844A00FC8330 /* Sources */,
				A1B591EE2AFF844A00FC8330 /* Frameworks */,
				A1B591EF2AFF844A00FC8330 /* Resources */,
			);
			buildRules = (
			);
			dependencies = (
			);
			name = TwitterClone;
			packageProductDependencies = (
				A1B592222B026BE200FC8330 /* FirebaseAuth */,
				A1B592242B026BE200FC8330 /* FirebaseAuthCombine-Community */,
				A1B592262B026BE200FC8330 /* FirebaseDatabase */,
				A1B592282B026BE200FC8330 /* FirebaseDatabaseSwift */,
				A1B5922A2B026BE200FC8330 /* FirebaseFirestore */,
				A1B5922C2B026BE200FC8330 /* FirebaseFirestoreCombine-Community */,
				A1B5922E2B026BE200FC8330 /* FirebaseFirestoreSwift */,
				A1B592302B026BE200FC8330 /* FirebaseStorage */,
				A1B592322B026BE200FC8330 /* FirebaseStorageCombine-Community */,
				A1B592732B168BBD00FC8330 /* SDWebImage */,
			);
			productName = TwitterClone;
			productReference = A1B591F12AFF844A00FC8330 /* TwitterClone.app */;
			productType = "com.apple.product-type.application";
		};
		A1B592522B0A218B00FC8330 /* TwitterCloneTests */ = {
			isa = PBXNativeTarget;
			buildConfigurationList = A1B5925B2B0A218C00FC8330 /* Build configuration list for PBXNativeTarget "TwitterCloneTests" */;
			buildPhases = (
				A1B5924F2B0A218B00FC8330 /* Sources */,
				A1B592502B0A218B00FC8330 /* Frameworks */,
				A1B592512B0A218B00FC8330 /* Resources */,
			);
			buildRules = (
			);
			dependencies = (
				A1B592582B0A218C00FC8330 /* PBXTargetDependency */,
			);
			name = TwitterCloneTests;
			packageProductDependencies = (
				A1B592642B0A49E200FC8330 /* FirebaseAuth */,
				A1B592662B0B544000FC8330 /* FirebaseFirestore */,
			);
			productName = TwitterCloneTests;
			productReference = A1B592532B0A218B00FC8330 /* TwitterCloneTests.xctest */;
			productType = "com.apple.product-type.bundle.unit-test";
		};
/* End PBXNativeTarget section */

/* Begin PBXProject section */
		A1B591E92AFF844900FC8330 /* Project object */ = {
			isa = PBXProject;
			attributes = {
				BuildIndependentTargetsInParallel = 1;
				LastSwiftUpdateCheck = 1430;
				LastUpgradeCheck = 1430;
				TargetAttributes = {
					A1B591F02AFF844A00FC8330 = {
						CreatedOnToolsVersion = 14.3.1;
					};
					A1B592522B0A218B00FC8330 = {
						CreatedOnToolsVersion = 14.3.1;
						LastSwiftMigration = 1430;
						TestTargetID = A1B591F02AFF844A00FC8330;
					};
				};
			};
			buildConfigurationList = A1B591EC2AFF844900FC8330 /* Build configuration list for PBXProject "TwitterClone" */;
			compatibilityVersion = "Xcode 14.0";
			developmentRegion = en;
			hasScannedForEncodings = 0;
			knownRegions = (
				en,
				Base,
			);
			mainGroup = A1B591E82AFF844900FC8330;
			packageReferences = (
				A1B592212B026BE200FC8330 /* XCRemoteSwiftPackageReference "firebase-ios-sdk" */,
				A1B592722B168BBC00FC8330 /* XCRemoteSwiftPackageReference "SDWebImage" */,
			);
			productRefGroup = A1B591F22AFF844A00FC8330 /* Products */;
			projectDirPath = "";
			projectRoot = "";
			targets = (
				A1B591F02AFF844A00FC8330 /* TwitterClone */,
				A1B592522B0A218B00FC8330 /* TwitterCloneTests */,
			);
		};
/* End PBXProject section */

/* Begin PBXResourcesBuildPhase section */
		A1B591EF2AFF844A00FC8330 /* Resources */ = {
			isa = PBXResourcesBuildPhase;
			buildActionMask = 2147483647;
			files = (
				A1B592012AFF844F00FC8330 /* LaunchScreen.storyboard in Resources */,
				A1B591FE2AFF844E00FC8330 /* Assets.xcassets in Resources */,
				A1B592202B026ACC00FC8330 /* GoogleService-Info.plist in Resources */,
			);
			runOnlyForDeploymentPostprocessing = 0;
		};
		A1B592512B0A218B00FC8330 /* Resources */ = {
			isa = PBXResourcesBuildPhase;
			buildActionMask = 2147483647;
			files = (
			);
			runOnlyForDeploymentPostprocessing = 0;
		};
/* End PBXResourcesBuildPhase section */

/* Begin PBXSourcesBuildPhase section */
		A1B591ED2AFF844A00FC8330 /* Sources */ = {
			isa = PBXSourcesBuildPhase;
			buildActionMask = 2147483647;
			files = (
				A1B5920F2AFF884F00FC8330 /* SearchViewController.swift in Sources */,
				A107AFBA2B1DC90900E4012E /* TweetViewModel.swift in Sources */,
				A1B5926D2B1359EA00FC8330 /* EditProfileHeaderView.swift in Sources */,
				A1B592762B1734B600FC8330 /* TweetViewController.swift in Sources */,
				A107AFB82B1DC7FF00E4012E /* Tweet.swift in Sources */,
				A1B5926F2B14AF9C00FC8330 /* StorageManager.swift in Sources */,
				A107AFBC2B25BA7800E4012E /* SearchViewModel.swift in Sources */,
				A1B592132AFF888300FC8330 /* MessagesViewController.swift in Sources */,
				A1B592092AFF864400FC8330 /* MainTabbarViewController.swift in Sources */,
				A1B5924A2B09335400FC8330 /* HomeViewModel.swift in Sources */,
				A1B5923E2B04E2E800FC8330 /* AuthenticationManager.swift in Sources */,
				A1B592112AFF885800FC8330 /* NotificationViewController.swift in Sources */,
				A1B591F52AFF844A00FC8330 /* AppDelegate.swift in Sources */,
				A1B5921C2B00CE0E00FC8330 /* SettingViewController.swift in Sources */,
				A1B592712B1683D800FC8330 /* ProfileViewModel.swift in Sources */,
				A14D1E4E2B2EE7BF00B82F11 /* FollowViewModel.swift in Sources */,
				A1B591F72AFF844A00FC8330 /* SceneDelegate.swift in Sources */,
				A1B5924C2B093C9200FC8330 /* EditProfileViewController.swift in Sources */,
				A1B592462B08D2F100FC8330 /* TwitterUser.swift in Sources */,
				A1B592362B026D1F00FC8330 /* OnboardingViewController.swift in Sources */,
				A1B5921A2B00CACE00FC8330 /* ProfileViewController.swift in Sources */,
				A1B5923B2B04B9AD00FC8330 /* AuthenticationViewModel.swift in Sources */,
				A14D1E4C2B2BA79200B82F11 /* FollowViewController.swift in Sources */,
				A1B5920D2AFF884500FC8330 /* HomeViewController.swift in Sources */,
				A1B592402B07508F00FC8330 /* LoginViewController.swift in Sources */,
				A1B5924E2B093D6600FC8330 /* EditProfileViewModel.swift in Sources */,
				A1B592482B08D45E00FC8330 /* DatabaseManager.swift in Sources */,
				A1B5926B2B13422A00FC8330 /* EditProfileTableViewCell.swift in Sources */,
				A1B592432B075D9C00FC8330 /* UIAlertController+Extension.swift in Sources */,
				A1B592382B04AB4C00FC8330 /* RegisterViewController.swift in Sources */,
				A1B592162AFFA16300FC8330 /* TweetTableViewCell.swift in Sources */,
				A1B5921E2B00DACE00FC8330 /* ProfileTableViewHeader.swift in Sources */,
			);
			runOnlyForDeploymentPostprocessing = 0;
		};
		A1B5924F2B0A218B00FC8330 /* Sources */ = {
			isa = PBXSourcesBuildPhase;
			buildActionMask = 2147483647;
			files = (
				A1B5925E2B0A224700FC8330 /* AuthenticationViewModelTests.swift in Sources */,
			);
			runOnlyForDeploymentPostprocessing = 0;
		};
/* End PBXSourcesBuildPhase section */

/* Begin PBXTargetDependency section */
		A1B592582B0A218C00FC8330 /* PBXTargetDependency */ = {
			isa = PBXTargetDependency;
			target = A1B591F02AFF844A00FC8330 /* TwitterClone */;
			targetProxy = A1B592572B0A218C00FC8330 /* PBXContainerItemProxy */;
		};
/* End PBXTargetDependency section */

/* Begin PBXVariantGroup section */
		A1B591FF2AFF844F00FC8330 /* LaunchScreen.storyboard */ = {
			isa = PBXVariantGroup;
			children = (
				A1B592002AFF844F00FC8330 /* Base */,
			);
			name = LaunchScreen.storyboard;
			sourceTree = "<group>";
		};
/* End PBXVariantGroup section */

/* Begin XCBuildConfiguration section */
		A1B592032AFF844F00FC8330 /* Debug */ = {
			isa = XCBuildConfiguration;
			buildSettings = {
				ALWAYS_SEARCH_USER_PATHS = NO;
				CLANG_ANALYZER_NONNULL = YES;
				CLANG_ANALYZER_NUMBER_OBJECT_CONVERSION = YES_AGGRESSIVE;
				CLANG_CXX_LANGUAGE_STANDARD = "gnu++20";
				CLANG_ENABLE_MODULES = YES;
				CLANG_ENABLE_OBJC_ARC = YES;
				CLANG_ENABLE_OBJC_WEAK = YES;
				CLANG_WARN_BLOCK_CAPTURE_AUTORELEASING = YES;
				CLANG_WARN_BOOL_CONVERSION = YES;
				CLANG_WARN_COMMA = YES;
				CLANG_WARN_CONSTANT_CONVERSION = YES;
				CLANG_WARN_DEPRECATED_OBJC_IMPLEMENTATIONS = YES;
				CLANG_WARN_DIRECT_OBJC_ISA_USAGE = YES_ERROR;
				CLANG_WARN_DOCUMENTATION_COMMENTS = YES;
				CLANG_WARN_EMPTY_BODY = YES;
				CLANG_WARN_ENUM_CONVERSION = YES;
				CLANG_WARN_INFINITE_RECURSION = YES;
				CLANG_WARN_INT_CONVERSION = YES;
				CLANG_WARN_NON_LITERAL_NULL_CONVERSION = YES;
				CLANG_WARN_OBJC_IMPLICIT_RETAIN_SELF = YES;
				CLANG_WARN_OBJC_LITERAL_CONVERSION = YES;
				CLANG_WARN_OBJC_ROOT_CLASS = YES_ERROR;
				CLANG_WARN_QUOTED_INCLUDE_IN_FRAMEWORK_HEADER = YES;
				CLANG_WARN_RANGE_LOOP_ANALYSIS = YES;
				CLANG_WARN_STRICT_PROTOTYPES = YES;
				CLANG_WARN_SUSPICIOUS_MOVE = YES;
				CLANG_WARN_UNGUARDED_AVAILABILITY = YES_AGGRESSIVE;
				CLANG_WARN_UNREACHABLE_CODE = YES;
				CLANG_WARN__DUPLICATE_METHOD_MATCH = YES;
				COPY_PHASE_STRIP = NO;
				DEBUG_INFORMATION_FORMAT = dwarf;
				ENABLE_STRICT_OBJC_MSGSEND = YES;
				ENABLE_TESTABILITY = YES;
				GCC_C_LANGUAGE_STANDARD = gnu11;
				GCC_DYNAMIC_NO_PIC = NO;
				GCC_NO_COMMON_BLOCKS = YES;
				GCC_OPTIMIZATION_LEVEL = 0;
				GCC_PREPROCESSOR_DEFINITIONS = (
					"DEBUG=1",
					"$(inherited)",
				);
				GCC_WARN_64_TO_32_BIT_CONVERSION = YES;
				GCC_WARN_ABOUT_RETURN_TYPE = YES_ERROR;
				GCC_WARN_UNDECLARED_SELECTOR = YES;
				GCC_WARN_UNINITIALIZED_AUTOS = YES_AGGRESSIVE;
				GCC_WARN_UNUSED_FUNCTION = YES;
				GCC_WARN_UNUSED_VARIABLE = YES;
				IPHONEOS_DEPLOYMENT_TARGET = 16.4;
				MTL_ENABLE_DEBUG_INFO = INCLUDE_SOURCE;
				MTL_FAST_MATH = YES;
				ONLY_ACTIVE_ARCH = YES;
				SDKROOT = iphoneos;
				SWIFT_ACTIVE_COMPILATION_CONDITIONS = DEBUG;
				SWIFT_OPTIMIZATION_LEVEL = "-Onone";
			};
			name = Debug;
		};
		A1B592042AFF844F00FC8330 /* Release */ = {
			isa = XCBuildConfiguration;
			buildSettings = {
				ALWAYS_SEARCH_USER_PATHS = NO;
				CLANG_ANALYZER_NONNULL = YES;
				CLANG_ANALYZER_NUMBER_OBJECT_CONVERSION = YES_AGGRESSIVE;
				CLANG_CXX_LANGUAGE_STANDARD = "gnu++20";
				CLANG_ENABLE_MODULES = YES;
				CLANG_ENABLE_OBJC_ARC = YES;
				CLANG_ENABLE_OBJC_WEAK = YES;
				CLANG_WARN_BLOCK_CAPTURE_AUTORELEASING = YES;
				CLANG_WARN_BOOL_CONVERSION = YES;
				CLANG_WARN_COMMA = YES;
				CLANG_WARN_CONSTANT_CONVERSION = YES;
				CLANG_WARN_DEPRECATED_OBJC_IMPLEMENTATIONS = YES;
				CLANG_WARN_DIRECT_OBJC_ISA_USAGE = YES_ERROR;
				CLANG_WARN_DOCUMENTATION_COMMENTS = YES;
				CLANG_WARN_EMPTY_BODY = YES;
				CLANG_WARN_ENUM_CONVERSION = YES;
				CLANG_WARN_INFINITE_RECURSION = YES;
				CLANG_WARN_INT_CONVERSION = YES;
				CLANG_WARN_NON_LITERAL_NULL_CONVERSION = YES;
				CLANG_WARN_OBJC_IMPLICIT_RETAIN_SELF = YES;
				CLANG_WARN_OBJC_LITERAL_CONVERSION = YES;
				CLANG_WARN_OBJC_ROOT_CLASS = YES_ERROR;
				CLANG_WARN_QUOTED_INCLUDE_IN_FRAMEWORK_HEADER = YES;
				CLANG_WARN_RANGE_LOOP_ANALYSIS = YES;
				CLANG_WARN_STRICT_PROTOTYPES = YES;
				CLANG_WARN_SUSPICIOUS_MOVE = YES;
				CLANG_WARN_UNGUARDED_AVAILABILITY = YES_AGGRESSIVE;
				CLANG_WARN_UNREACHABLE_CODE = YES;
				CLANG_WARN__DUPLICATE_METHOD_MATCH = YES;
				COPY_PHASE_STRIP = NO;
				DEBUG_INFORMATION_FORMAT = "dwarf-with-dsym";
				ENABLE_NS_ASSERTIONS = NO;
				ENABLE_STRICT_OBJC_MSGSEND = YES;
				GCC_C_LANGUAGE_STANDARD = gnu11;
				GCC_NO_COMMON_BLOCKS = YES;
				GCC_WARN_64_TO_32_BIT_CONVERSION = YES;
				GCC_WARN_ABOUT_RETURN_TYPE = YES_ERROR;
				GCC_WARN_UNDECLARED_SELECTOR = YES;
				GCC_WARN_UNINITIALIZED_AUTOS = YES_AGGRESSIVE;
				GCC_WARN_UNUSED_FUNCTION = YES;
				GCC_WARN_UNUSED_VARIABLE = YES;
				IPHONEOS_DEPLOYMENT_TARGET = 16.4;
				MTL_ENABLE_DEBUG_INFO = NO;
				MTL_FAST_MATH = YES;
				SDKROOT = iphoneos;
				SWIFT_COMPILATION_MODE = wholemodule;
				SWIFT_OPTIMIZATION_LEVEL = "-O";
				VALIDATE_PRODUCT = YES;
			};
			name = Release;
		};
		A1B592062AFF844F00FC8330 /* Debug */ = {
			isa = XCBuildConfiguration;
			buildSettings = {
				ASSETCATALOG_COMPILER_APPICON_NAME = AppIcon;
				ASSETCATALOG_COMPILER_GLOBAL_ACCENT_COLOR_NAME = AccentColor;
				CODE_SIGN_STYLE = Automatic;
				CURRENT_PROJECT_VERSION = 1;
				DEVELOPMENT_TEAM = KSQAVXV66T;
				GENERATE_INFOPLIST_FILE = YES;
				INFOPLIST_FILE = TwitterClone/Info.plist;
				INFOPLIST_KEY_UIApplicationSupportsIndirectInputEvents = YES;
				INFOPLIST_KEY_UILaunchStoryboardName = LaunchScreen;
				INFOPLIST_KEY_UISupportedInterfaceOrientations_iPad = "UIInterfaceOrientationPortrait UIInterfaceOrientationPortraitUpsideDown UIInterfaceOrientationLandscapeLeft UIInterfaceOrientationLandscapeRight";
				INFOPLIST_KEY_UISupportedInterfaceOrientations_iPhone = "UIInterfaceOrientationPortrait UIInterfaceOrientationLandscapeLeft UIInterfaceOrientationLandscapeRight";
				LD_RUNPATH_SEARCH_PATHS = (
					"$(inherited)",
					"@executable_path/Frameworks",
				);
				MARKETING_VERSION = 1.0;
				PRODUCT_BUNDLE_IDENTIFIER = youssefedeeb.TwitterClone;
				PRODUCT_NAME = "$(TARGET_NAME)";
				SWIFT_EMIT_LOC_STRINGS = YES;
				SWIFT_VERSION = 5.0;
				TARGETED_DEVICE_FAMILY = "1,2";
			};
			name = Debug;
		};
		A1B592072AFF844F00FC8330 /* Release */ = {
			isa = XCBuildConfiguration;
			buildSettings = {
				ASSETCATALOG_COMPILER_APPICON_NAME = AppIcon;
				ASSETCATALOG_COMPILER_GLOBAL_ACCENT_COLOR_NAME = AccentColor;
				CODE_SIGN_STYLE = Automatic;
				CURRENT_PROJECT_VERSION = 1;
				DEVELOPMENT_TEAM = KSQAVXV66T;
				GENERATE_INFOPLIST_FILE = YES;
				INFOPLIST_FILE = TwitterClone/Info.plist;
				INFOPLIST_KEY_UIApplicationSupportsIndirectInputEvents = YES;
				INFOPLIST_KEY_UILaunchStoryboardName = LaunchScreen;
				INFOPLIST_KEY_UISupportedInterfaceOrientations_iPad = "UIInterfaceOrientationPortrait UIInterfaceOrientationPortraitUpsideDown UIInterfaceOrientationLandscapeLeft UIInterfaceOrientationLandscapeRight";
				INFOPLIST_KEY_UISupportedInterfaceOrientations_iPhone = "UIInterfaceOrientationPortrait UIInterfaceOrientationLandscapeLeft UIInterfaceOrientationLandscapeRight";
				LD_RUNPATH_SEARCH_PATHS = (
					"$(inherited)",
					"@executable_path/Frameworks",
				);
				MARKETING_VERSION = 1.0;
				PRODUCT_BUNDLE_IDENTIFIER = youssefedeeb.TwitterClone;
				PRODUCT_NAME = "$(TARGET_NAME)";
				SWIFT_EMIT_LOC_STRINGS = YES;
				SWIFT_VERSION = 5.0;
				TARGETED_DEVICE_FAMILY = "1,2";
			};
			name = Release;
		};
		A1B592592B0A218C00FC8330 /* Debug */ = {
			isa = XCBuildConfiguration;
			buildSettings = {
				BUNDLE_LOADER = "$(TEST_HOST)";
				CLANG_ENABLE_MODULES = YES;
				CODE_SIGN_STYLE = Automatic;
				CURRENT_PROJECT_VERSION = 1;
				DEVELOPMENT_TEAM = KSQAVXV66T;
				GENERATE_INFOPLIST_FILE = YES;
				MARKETING_VERSION = 1.0;
				PRODUCT_BUNDLE_IDENTIFIER = youssefedeeb.TwitterCloneTests;
				PRODUCT_NAME = "$(TARGET_NAME)";
				SWIFT_EMIT_LOC_STRINGS = NO;
				SWIFT_OPTIMIZATION_LEVEL = "-Onone";
				SWIFT_VERSION = 5.0;
				TARGETED_DEVICE_FAMILY = "1,2";
				TEST_HOST = "$(BUILT_PRODUCTS_DIR)/TwitterClone.app/$(BUNDLE_EXECUTABLE_FOLDER_PATH)/TwitterClone";
			};
			name = Debug;
		};
		A1B5925A2B0A218C00FC8330 /* Release */ = {
			isa = XCBuildConfiguration;
			buildSettings = {
				BUNDLE_LOADER = "$(TEST_HOST)";
				CLANG_ENABLE_MODULES = YES;
				CODE_SIGN_STYLE = Automatic;
				CURRENT_PROJECT_VERSION = 1;
				DEVELOPMENT_TEAM = KSQAVXV66T;
				GENERATE_INFOPLIST_FILE = YES;
				MARKETING_VERSION = 1.0;
				PRODUCT_BUNDLE_IDENTIFIER = youssefedeeb.TwitterCloneTests;
				PRODUCT_NAME = "$(TARGET_NAME)";
				SWIFT_EMIT_LOC_STRINGS = NO;
				SWIFT_VERSION = 5.0;
				TARGETED_DEVICE_FAMILY = "1,2";
				TEST_HOST = "$(BUILT_PRODUCTS_DIR)/TwitterClone.app/$(BUNDLE_EXECUTABLE_FOLDER_PATH)/TwitterClone";
			};
			name = Release;
		};
/* End XCBuildConfiguration section */

/* Begin XCConfigurationList section */
		A1B591EC2AFF844900FC8330 /* Build configuration list for PBXProject "TwitterClone" */ = {
			isa = XCConfigurationList;
			buildConfigurations = (
				A1B592032AFF844F00FC8330 /* Debug */,
				A1B592042AFF844F00FC8330 /* Release */,
			);
			defaultConfigurationIsVisible = 0;
			defaultConfigurationName = Release;
		};
		A1B592052AFF844F00FC8330 /* Build configuration list for PBXNativeTarget "TwitterClone" */ = {
			isa = XCConfigurationList;
			buildConfigurations = (
				A1B592062AFF844F00FC8330 /* Debug */,
				A1B592072AFF844F00FC8330 /* Release */,
			);
			defaultConfigurationIsVisible = 0;
			defaultConfigurationName = Release;
		};
		A1B5925B2B0A218C00FC8330 /* Build configuration list for PBXNativeTarget "TwitterCloneTests" */ = {
			isa = XCConfigurationList;
			buildConfigurations = (
				A1B592592B0A218C00FC8330 /* Debug */,
				A1B5925A2B0A218C00FC8330 /* Release */,
			);
			defaultConfigurationIsVisible = 0;
			defaultConfigurationName = Release;
		};
/* End XCConfigurationList section */

/* Begin XCRemoteSwiftPackageReference section */
		A1B592212B026BE200FC8330 /* XCRemoteSwiftPackageReference "firebase-ios-sdk" */ = {
			isa = XCRemoteSwiftPackageReference;
			repositoryURL = "https://github.com/firebase/firebase-ios-sdk";
			requirement = {
				kind = upToNextMinorVersion;
				minimumVersion = 10.17.0;
			};
		};
		A1B592722B168BBC00FC8330 /* XCRemoteSwiftPackageReference "SDWebImage" */ = {
			isa = XCRemoteSwiftPackageReference;
			repositoryURL = "https://github.com/SDWebImage/SDWebImage";
			requirement = {
				kind = upToNextMajorVersion;
				minimumVersion = 5.0.0;
			};
		};
/* End XCRemoteSwiftPackageReference section */

/* Begin XCSwiftPackageProductDependency section */
		A1B592222B026BE200FC8330 /* FirebaseAuth */ = {
			isa = XCSwiftPackageProductDependency;
			package = A1B592212B026BE200FC8330 /* XCRemoteSwiftPackageReference "firebase-ios-sdk" */;
			productName = FirebaseAuth;
		};
		A1B592242B026BE200FC8330 /* FirebaseAuthCombine-Community */ = {
			isa = XCSwiftPackageProductDependency;
			package = A1B592212B026BE200FC8330 /* XCRemoteSwiftPackageReference "firebase-ios-sdk" */;
			productName = "FirebaseAuthCombine-Community";
		};
		A1B592262B026BE200FC8330 /* FirebaseDatabase */ = {
			isa = XCSwiftPackageProductDependency;
			package = A1B592212B026BE200FC8330 /* XCRemoteSwiftPackageReference "firebase-ios-sdk" */;
			productName = FirebaseDatabase;
		};
		A1B592282B026BE200FC8330 /* FirebaseDatabaseSwift */ = {
			isa = XCSwiftPackageProductDependency;
			package = A1B592212B026BE200FC8330 /* XCRemoteSwiftPackageReference "firebase-ios-sdk" */;
			productName = FirebaseDatabaseSwift;
		};
		A1B5922A2B026BE200FC8330 /* FirebaseFirestore */ = {
			isa = XCSwiftPackageProductDependency;
			package = A1B592212B026BE200FC8330 /* XCRemoteSwiftPackageReference "firebase-ios-sdk" */;
			productName = FirebaseFirestore;
		};
		A1B5922C2B026BE200FC8330 /* FirebaseFirestoreCombine-Community */ = {
			isa = XCSwiftPackageProductDependency;
			package = A1B592212B026BE200FC8330 /* XCRemoteSwiftPackageReference "firebase-ios-sdk" */;
			productName = "FirebaseFirestoreCombine-Community";
		};
		A1B5922E2B026BE200FC8330 /* FirebaseFirestoreSwift */ = {
			isa = XCSwiftPackageProductDependency;
			package = A1B592212B026BE200FC8330 /* XCRemoteSwiftPackageReference "firebase-ios-sdk" */;
			productName = FirebaseFirestoreSwift;
		};
		A1B592302B026BE200FC8330 /* FirebaseStorage */ = {
			isa = XCSwiftPackageProductDependency;
			package = A1B592212B026BE200FC8330 /* XCRemoteSwiftPackageReference "firebase-ios-sdk" */;
			productName = FirebaseStorage;
		};
		A1B592322B026BE200FC8330 /* FirebaseStorageCombine-Community */ = {
			isa = XCSwiftPackageProductDependency;
			package = A1B592212B026BE200FC8330 /* XCRemoteSwiftPackageReference "firebase-ios-sdk" */;
			productName = "FirebaseStorageCombine-Community";
		};
		A1B592642B0A49E200FC8330 /* FirebaseAuth */ = {
			isa = XCSwiftPackageProductDependency;
			package = A1B592212B026BE200FC8330 /* XCRemoteSwiftPackageReference "firebase-ios-sdk" */;
			productName = FirebaseAuth;
		};
		A1B592662B0B544000FC8330 /* FirebaseFirestore */ = {
			isa = XCSwiftPackageProductDependency;
			package = A1B592212B026BE200FC8330 /* XCRemoteSwiftPackageReference "firebase-ios-sdk" */;
			productName = FirebaseFirestore;
		};
		A1B592732B168BBD00FC8330 /* SDWebImage */ = {
			isa = XCSwiftPackageProductDependency;
			package = A1B592722B168BBC00FC8330 /* XCRemoteSwiftPackageReference "SDWebImage" */;
			productName = SDWebImage;
		};
/* End XCSwiftPackageProductDependency section */
	};
	rootObject = A1B591E92AFF844900FC8330 /* Project object */;
}
